// !$*UTF8*$!
{
	archiveVersion = 1;
	classes = {
	};
	objectVersion = 55;
	objects = {

/* Begin PBXBuildFile section */
		DBEF535627F2DE980078B293 /* AppDelegate.swift in Sources */ = {isa = PBXBuildFile; fileRef = DBEF535527F2DE980078B293 /* AppDelegate.swift */; };
		DBEF535827F2DE980078B293 /* SceneDelegate.swift in Sources */ = {isa = PBXBuildFile; fileRef = DBEF535727F2DE980078B293 /* SceneDelegate.swift */; };
		DBEF535F27F2DE9B0078B293 /* Assets.xcassets in Resources */ = {isa = PBXBuildFile; fileRef = DBEF535E27F2DE9B0078B293 /* Assets.xcassets */; };
		DBEF536227F2DE9B0078B293 /* LaunchScreen.storyboard in Resources */ = {isa = PBXBuildFile; fileRef = DBEF536027F2DE9B0078B293 /* LaunchScreen.storyboard */; };
		DBEF536D27F2DE9C0078B293 /* VizAssignmentViewerTests.swift in Sources */ = {isa = PBXBuildFile; fileRef = DBEF536C27F2DE9C0078B293 /* VizAssignmentViewerTests.swift */; };
		DBEF537727F2DE9C0078B293 /* VizAssignmentViewerUITests.swift in Sources */ = {isa = PBXBuildFile; fileRef = DBEF537627F2DE9C0078B293 /* VizAssignmentViewerUITests.swift */; };
		DBEF537927F2DE9C0078B293 /* VizAssignmentViewerUITestsLaunchTests.swift in Sources */ = {isa = PBXBuildFile; fileRef = DBEF537827F2DE9C0078B293 /* VizAssignmentViewerUITestsLaunchTests.swift */; };
		DBEF538627F2E06C0078B293 /* SeriesViewerViewController.swift in Sources */ = {isa = PBXBuildFile; fileRef = DBEF538527F2E06C0078B293 /* SeriesViewerViewController.swift */; };
/* End PBXBuildFile section */

/* Begin PBXContainerItemProxy section */
		DBEF536927F2DE9C0078B293 /* PBXContainerItemProxy */ = {
			isa = PBXContainerItemProxy;
			containerPortal = DBEF534A27F2DE980078B293 /* Project object */;
			proxyType = 1;
			remoteGlobalIDString = DBEF535127F2DE980078B293;
			remoteInfo = VizAssignmentViewer;
		};
		DBEF537327F2DE9C0078B293 /* PBXContainerItemProxy */ = {
			isa = PBXContainerItemProxy;
			containerPortal = DBEF534A27F2DE980078B293 /* Project object */;
			proxyType = 1;
			remoteGlobalIDString = DBEF535127F2DE980078B293;
			remoteInfo = VizAssignmentViewer;
		};
/* End PBXContainerItemProxy section */

/* Begin PBXFileReference section */
		DBEF535227F2DE980078B293 /* VizAssignmentViewer.app */ = {isa = PBXFileReference; explicitFileType = wrapper.application; includeInIndex = 0; path = VizAssignmentViewer.app; sourceTree = BUILT_PRODUCTS_DIR; };
		DBEF535527F2DE980078B293 /* AppDelegate.swift */ = {isa = PBXFileReference; lastKnownFileType = sourcecode.swift; path = AppDelegate.swift; sourceTree = "<group>"; };
		DBEF535727F2DE980078B293 /* SceneDelegate.swift */ = {isa = PBXFileReference; lastKnownFileType = sourcecode.swift; path = SceneDelegate.swift; sourceTree = "<group>"; };
		DBEF535E27F2DE9B0078B293 /* Assets.xcassets */ = {isa = PBXFileReference; lastKnownFileType = folder.assetcatalog; path = Assets.xcassets; sourceTree = "<group>"; };
		DBEF536127F2DE9B0078B293 /* Base */ = {isa = PBXFileReference; lastKnownFileType = file.storyboard; name = Base; path = Base.lproj/LaunchScreen.storyboard; sourceTree = "<group>"; };
		DBEF536327F2DE9B0078B293 /* Info.plist */ = {isa = PBXFileReference; lastKnownFileType = text.plist.xml; path = Info.plist; sourceTree = "<group>"; };
		DBEF536827F2DE9C0078B293 /* VizAssignmentViewerTests.xctest */ = {isa = PBXFileReference; explicitFileType = wrapper.cfbundle; includeInIndex = 0; path = VizAssignmentViewerTests.xctest; sourceTree = BUILT_PRODUCTS_DIR; };
		DBEF536C27F2DE9C0078B293 /* VizAssignmentViewerTests.swift */ = {isa = PBXFileReference; lastKnownFileType = sourcecode.swift; path = VizAssignmentViewerTests.swift; sourceTree = "<group>"; };
		DBEF537227F2DE9C0078B293 /* VizAssignmentViewerUITests.xctest */ = {isa = PBXFileReference; explicitFileType = wrapper.cfbundle; includeInIndex = 0; path = VizAssignmentViewerUITests.xctest; sourceTree = BUILT_PRODUCTS_DIR; };
		DBEF537627F2DE9C0078B293 /* VizAssignmentViewerUITests.swift */ = {isa = PBXFileReference; lastKnownFileType = sourcecode.swift; path = VizAssignmentViewerUITests.swift; sourceTree = "<group>"; };
		DBEF537827F2DE9C0078B293 /* VizAssignmentViewerUITestsLaunchTests.swift */ = {isa = PBXFileReference; lastKnownFileType = sourcecode.swift; path = VizAssignmentViewerUITestsLaunchTests.swift; sourceTree = "<group>"; };
		DBEF538527F2E06C0078B293 /* SeriesViewerViewController.swift */ = {isa = PBXFileReference; lastKnownFileType = sourcecode.swift; path = SeriesViewerViewController.swift; sourceTree = "<group>"; };
/* End PBXFileReference section */

/* Begin PBXFrameworksBuildPhase section */
		DBEF534F27F2DE980078B293 /* Frameworks */ = {
			isa = PBXFrameworksBuildPhase;
			buildActionMask = 2147483647;
			files = (
			);
			runOnlyForDeploymentPostprocessing = 0;
		};
		DBEF536527F2DE9C0078B293 /* Frameworks */ = {
			isa = PBXFrameworksBuildPhase;
			buildActionMask = 2147483647;
			files = (
			);
			runOnlyForDeploymentPostprocessing = 0;
		};
		DBEF536F27F2DE9C0078B293 /* Frameworks */ = {
			isa = PBXFrameworksBuildPhase;
			buildActionMask = 2147483647;
			files = (
			);
			runOnlyForDeploymentPostprocessing = 0;
		};
/* End PBXFrameworksBuildPhase section */

/* Begin PBXGroup section */
		DBEF534927F2DE980078B293 = {
			isa = PBXGroup;
			children = (
				DBEF535427F2DE980078B293 /* VizAssignmentViewer */,
				DBEF536B27F2DE9C0078B293 /* VizAssignmentViewerTests */,
				DBEF537527F2DE9C0078B293 /* VizAssignmentViewerUITests */,
				DBEF535327F2DE980078B293 /* Products */,
			);
			sourceTree = "<group>";
		};
		DBEF535327F2DE980078B293 /* Products */ = {
			isa = PBXGroup;
			children = (
				DBEF535227F2DE980078B293 /* VizAssignmentViewer.app */,
				DBEF536827F2DE9C0078B293 /* VizAssignmentViewerTests.xctest */,
				DBEF537227F2DE9C0078B293 /* VizAssignmentViewerUITests.xctest */,
			);
			name = Products;
			sourceTree = "<group>";
		};
		DBEF535427F2DE980078B293 /* VizAssignmentViewer */ = {
			isa = PBXGroup;
			children = (
				DBEF538727F2E1B30078B293 /* View */,
				DBEF535527F2DE980078B293 /* AppDelegate.swift */,
				DBEF535727F2DE980078B293 /* SceneDelegate.swift */,
				DBEF535E27F2DE9B0078B293 /* Assets.xcassets */,
				DBEF536027F2DE9B0078B293 /* LaunchScreen.storyboard */,
				DBEF536327F2DE9B0078B293 /* Info.plist */,
			);
			path = VizAssignmentViewer;
			sourceTree = "<group>";
		};
		DBEF536B27F2DE9C0078B293 /* VizAssignmentViewerTests */ = {
			isa = PBXGroup;
			children = (
				DBEF536C27F2DE9C0078B293 /* VizAssignmentViewerTests.swift */,
			);
			path = VizAssignmentViewerTests;
			sourceTree = "<group>";
		};
		DBEF537527F2DE9C0078B293 /* VizAssignmentViewerUITests */ = {
			isa = PBXGroup;
			children = (
				DBEF537627F2DE9C0078B293 /* VizAssignmentViewerUITests.swift */,
				DBEF537827F2DE9C0078B293 /* VizAssignmentViewerUITestsLaunchTests.swift */,
			);
			path = VizAssignmentViewerUITests;
			sourceTree = "<group>";
		};
		DBEF538727F2E1B30078B293 /* View */ = {
			isa = PBXGroup;
			children = (
				DBEF538527F2E06C0078B293 /* SeriesViewerViewController.swift */,
			);
			path = View;
			sourceTree = "<group>";
		};
/* End PBXGroup section */

/* Begin PBXNativeTarget section */
		DBEF535127F2DE980078B293 /* VizAssignmentViewer */ = {
			isa = PBXNativeTarget;
			buildConfigurationList = DBEF537C27F2DE9C0078B293 /* Build configuration list for PBXNativeTarget "VizAssignmentViewer" */;
			buildPhases = (
				DBEF534E27F2DE980078B293 /* Sources */,
				DBEF534F27F2DE980078B293 /* Frameworks */,
				DBEF535027F2DE980078B293 /* Resources */,
			);
			buildRules = (
			);
			dependencies = (
			);
			name = VizAssignmentViewer;
			productName = VizAssignmentViewer;
			productReference = DBEF535227F2DE980078B293 /* VizAssignmentViewer.app */;
			productType = "com.apple.product-type.application";
		};
		DBEF536727F2DE9C0078B293 /* VizAssignmentViewerTests */ = {
			isa = PBXNativeTarget;
			buildConfigurationList = DBEF537F27F2DE9C0078B293 /* Build configuration list for PBXNativeTarget "VizAssignmentViewerTests" */;
			buildPhases = (
				DBEF536427F2DE9C0078B293 /* Sources */,
				DBEF536527F2DE9C0078B293 /* Frameworks */,
				DBEF536627F2DE9C0078B293 /* Resources */,
			);
			buildRules = (
			);
			dependencies = (
				DBEF536A27F2DE9C0078B293 /* PBXTargetDependency */,
			);
			name = VizAssignmentViewerTests;
			productName = VizAssignmentViewerTests;
			productReference = DBEF536827F2DE9C0078B293 /* VizAssignmentViewerTests.xctest */;
			productType = "com.apple.product-type.bundle.unit-test";
		};
		DBEF537127F2DE9C0078B293 /* VizAssignmentViewerUITests */ = {
			isa = PBXNativeTarget;
			buildConfigurationList = DBEF538227F2DE9C0078B293 /* Build configuration list for PBXNativeTarget "VizAssignmentViewerUITests" */;
			buildPhases = (
				DBEF536E27F2DE9C0078B293 /* Sources */,
				DBEF536F27F2DE9C0078B293 /* Frameworks */,
				DBEF537027F2DE9C0078B293 /* Resources */,
			);
			buildRules = (
			);
			dependencies = (
				DBEF537427F2DE9C0078B293 /* PBXTargetDependency */,
			);
			name = VizAssignmentViewerUITests;
			productName = VizAssignmentViewerUITests;
			productReference = DBEF537227F2DE9C0078B293 /* VizAssignmentViewerUITests.xctest */;
			productType = "com.apple.product-type.bundle.ui-testing";
		};
/* End PBXNativeTarget section */

/* Begin PBXProject section */
		DBEF534A27F2DE980078B293 /* Project object */ = {
			isa = PBXProject;
			attributes = {
				BuildIndependentTargetsInParallel = 1;
				LastSwiftUpdateCheck = 1320;
				LastUpgradeCheck = 1320;
				TargetAttributes = {
					DBEF535127F2DE980078B293 = {
						CreatedOnToolsVersion = 13.2.1;
					};
					DBEF536727F2DE9C0078B293 = {
						CreatedOnToolsVersion = 13.2.1;
						TestTargetID = DBEF535127F2DE980078B293;
					};
					DBEF537127F2DE9C0078B293 = {
						CreatedOnToolsVersion = 13.2.1;
						TestTargetID = DBEF535127F2DE980078B293;
					};
				};
			};
			buildConfigurationList = DBEF534D27F2DE980078B293 /* Build configuration list for PBXProject "VizAssignmentViewer" */;
			compatibilityVersion = "Xcode 13.0";
			developmentRegion = en;
			hasScannedForEncodings = 0;
			knownRegions = (
				en,
				Base,
			);
			mainGroup = DBEF534927F2DE980078B293;
			productRefGroup = DBEF535327F2DE980078B293 /* Products */;
			projectDirPath = "";
			projectRoot = "";
			targets = (
				DBEF535127F2DE980078B293 /* VizAssignmentViewer */,
				DBEF536727F2DE9C0078B293 /* VizAssignmentViewerTests */,
				DBEF537127F2DE9C0078B293 /* VizAssignmentViewerUITests */,
			);
		};
/* End PBXProject section */

/* Begin PBXResourcesBuildPhase section */
		DBEF535027F2DE980078B293 /* Resources */ = {
			isa = PBXResourcesBuildPhase;
			buildActionMask = 2147483647;
			files = (
				DBEF536227F2DE9B0078B293 /* LaunchScreen.storyboard in Resources */,
				DBEF535F27F2DE9B0078B293 /* Assets.xcassets in Resources */,
			);
			runOnlyForDeploymentPostprocessing = 0;
		};
		DBEF536627F2DE9C0078B293 /* Resources */ = {
			isa = PBXResourcesBuildPhase;
			buildActionMask = 2147483647;
			files = (
			);
			runOnlyForDeploymentPostprocessing = 0;
		};
		DBEF537027F2DE9C0078B293 /* Resources */ = {
			isa = PBXResourcesBuildPhase;
			buildActionMask = 2147483647;
			files = (
			);
			runOnlyForDeploymentPostprocessing = 0;
		};
/* End PBXResourcesBuildPhase section */

/* Begin PBXSourcesBuildPhase section */
		DBEF534E27F2DE980078B293 /* Sources */ = {
			isa = PBXSourcesBuildPhase;
			buildActionMask = 2147483647;
			files = (
				DBEF538627F2E06C0078B293 /* SeriesViewerViewController.swift in Sources */,
				DBEF535627F2DE980078B293 /* AppDelegate.swift in Sources */,
				DBEF535827F2DE980078B293 /* SceneDelegate.swift in Sources */,
			);
			runOnlyForDeploymentPostprocessing = 0;
		};
		DBEF536427F2DE9C0078B293 /* Sources */ = {
			isa = PBXSourcesBuildPhase;
			buildActionMask = 2147483647;
			files = (
				DBEF536D27F2DE9C0078B293 /* VizAssignmentViewerTests.swift in Sources */,
			);
			runOnlyForDeploymentPostprocessing = 0;
		};
		DBEF536E27F2DE9C0078B293 /* Sources */ = {
			isa = PBXSourcesBuildPhase;
			buildActionMask = 2147483647;
			files = (
				DBEF537727F2DE9C0078B293 /* VizAssignmentViewerUITests.swift in Sources */,
				DBEF537927F2DE9C0078B293 /* VizAssignmentViewerUITestsLaunchTests.swift in Sources */,
			);
			runOnlyForDeploymentPostprocessing = 0;
		};
/* End PBXSourcesBuildPhase section */

/* Begin PBXTargetDependency section */
		DBEF536A27F2DE9C0078B293 /* PBXTargetDependency */ = {
			isa = PBXTargetDependency;
			target = DBEF535127F2DE980078B293 /* VizAssignmentViewer */;
			targetProxy = DBEF536927F2DE9C0078B293 /* PBXContainerItemProxy */;
		};
		DBEF537427F2DE9C0078B293 /* PBXTargetDependency */ = {
			isa = PBXTargetDependency;
			target = DBEF535127F2DE980078B293 /* VizAssignmentViewer */;
			targetProxy = DBEF537327F2DE9C0078B293 /* PBXContainerItemProxy */;
		};
/* End PBXTargetDependency section */

/* Begin PBXVariantGroup section */
		DBEF536027F2DE9B0078B293 /* LaunchScreen.storyboard */ = {
			isa = PBXVariantGroup;
			children = (
				DBEF536127F2DE9B0078B293 /* Base */,
			);
			name = LaunchScreen.storyboard;
			sourceTree = "<group>";
		};
/* End PBXVariantGroup section */

/* Begin XCBuildConfiguration section */
		DBEF537A27F2DE9C0078B293 /* Debug */ = {
			isa = XCBuildConfiguration;
			buildSettings = {
				ALWAYS_SEARCH_USER_PATHS = NO;
				CLANG_ANALYZER_NONNULL = YES;
				CLANG_ANALYZER_NUMBER_OBJECT_CONVERSION = YES_AGGRESSIVE;
				CLANG_CXX_LANGUAGE_STANDARD = "gnu++17";
				CLANG_CXX_LIBRARY = "libc++";
				CLANG_ENABLE_MODULES = YES;
				CLANG_ENABLE_OBJC_ARC = YES;
				CLANG_ENABLE_OBJC_WEAK = YES;
				CLANG_WARN_BLOCK_CAPTURE_AUTORELEASING = YES;
				CLANG_WARN_BOOL_CONVERSION = YES;
				CLANG_WARN_COMMA = YES;
				CLANG_WARN_CONSTANT_CONVERSION = YES;
				CLANG_WARN_DEPRECATED_OBJC_IMPLEMENTATIONS = YES;
				CLANG_WARN_DIRECT_OBJC_ISA_USAGE = YES_ERROR;
				CLANG_WARN_DOCUMENTATION_COMMENTS = YES;
				CLANG_WARN_EMPTY_BODY = YES;
				CLANG_WARN_ENUM_CONVERSION = YES;
				CLANG_WARN_INFINITE_RECURSION = YES;
				CLANG_WARN_INT_CONVERSION = YES;
				CLANG_WARN_NON_LITERAL_NULL_CONVERSION = YES;
				CLANG_WARN_OBJC_IMPLICIT_RETAIN_SELF = YES;
				CLANG_WARN_OBJC_LITERAL_CONVERSION = YES;
				CLANG_WARN_OBJC_ROOT_CLASS = YES_ERROR;
				CLANG_WARN_QUOTED_INCLUDE_IN_FRAMEWORK_HEADER = YES;
				CLANG_WARN_RANGE_LOOP_ANALYSIS = YES;
				CLANG_WARN_STRICT_PROTOTYPES = YES;
				CLANG_WARN_SUSPICIOUS_MOVE = YES;
				CLANG_WARN_UNGUARDED_AVAILABILITY = YES_AGGRESSIVE;
				CLANG_WARN_UNREACHABLE_CODE = YES;
				CLANG_WARN__DUPLICATE_METHOD_MATCH = YES;
				COPY_PHASE_STRIP = NO;
				DEBUG_INFORMATION_FORMAT = dwarf;
				ENABLE_STRICT_OBJC_MSGSEND = YES;
				ENABLE_TESTABILITY = YES;
				GCC_C_LANGUAGE_STANDARD = gnu11;
				GCC_DYNAMIC_NO_PIC = NO;
				GCC_NO_COMMON_BLOCKS = YES;
				GCC_OPTIMIZATION_LEVEL = 0;
				GCC_PREPROCESSOR_DEFINITIONS = (
					"DEBUG=1",
					"$(inherited)",
				);
				GCC_WARN_64_TO_32_BIT_CONVERSION = YES;
				GCC_WARN_ABOUT_RETURN_TYPE = YES_ERROR;
				GCC_WARN_UNDECLARED_SELECTOR = YES;
				GCC_WARN_UNINITIALIZED_AUTOS = YES_AGGRESSIVE;
				GCC_WARN_UNUSED_FUNCTION = YES;
				GCC_WARN_UNUSED_VARIABLE = YES;
				IPHONEOS_DEPLOYMENT_TARGET = 15.2;
				MTL_ENABLE_DEBUG_INFO = INCLUDE_SOURCE;
				MTL_FAST_MATH = YES;
				ONLY_ACTIVE_ARCH = YES;
				SDKROOT = iphoneos;
				SWIFT_ACTIVE_COMPILATION_CONDITIONS = DEBUG;
				SWIFT_OPTIMIZATION_LEVEL = "-Onone";
			};
			name = Debug;
		};
		DBEF537B27F2DE9C0078B293 /* Release */ = {
			isa = XCBuildConfiguration;
			buildSettings = {
				ALWAYS_SEARCH_USER_PATHS = NO;
				CLANG_ANALYZER_NONNULL = YES;
				CLANG_ANALYZER_NUMBER_OBJECT_CONVERSION = YES_AGGRESSIVE;
				CLANG_CXX_LANGUAGE_STANDARD = "gnu++17";
				CLANG_CXX_LIBRARY = "libc++";
				CLANG_ENABLE_MODULES = YES;
				CLANG_ENABLE_OBJC_ARC = YES;
				CLANG_ENABLE_OBJC_WEAK = YES;
				CLANG_WARN_BLOCK_CAPTURE_AUTORELEASING = YES;
				CLANG_WARN_BOOL_CONVERSION = YES;
				CLANG_WARN_COMMA = YES;
				CLANG_WARN_CONSTANT_CONVERSION = YES;
				CLANG_WARN_DEPRECATED_OBJC_IMPLEMENTATIONS = YES;
				CLANG_WARN_DIRECT_OBJC_ISA_USAGE = YES_ERROR;
				CLANG_WARN_DOCUMENTATION_COMMENTS = YES;
				CLANG_WARN_EMPTY_BODY = YES;
				CLANG_WARN_ENUM_CONVERSION = YES;
				CLANG_WARN_INFINITE_RECURSION = YES;
				CLANG_WARN_INT_CONVERSION = YES;
				CLANG_WARN_NON_LITERAL_NULL_CONVERSION = YES;
				CLANG_WARN_OBJC_IMPLICIT_RETAIN_SELF = YES;
				CLANG_WARN_OBJC_LITERAL_CONVERSION = YES;
				CLANG_WARN_OBJC_ROOT_CLASS = YES_ERROR;
				CLANG_WARN_QUOTED_INCLUDE_IN_FRAMEWORK_HEADER = YES;
				CLANG_WARN_RANGE_LOOP_ANALYSIS = YES;
				CLANG_WARN_STRICT_PROTOTYPES = YES;
				CLANG_WARN_SUSPICIOUS_MOVE = YES;
				CLANG_WARN_UNGUARDED_AVAILABILITY = YES_AGGRESSIVE;
				CLANG_WARN_UNREACHABLE_CODE = YES;
				CLANG_WARN__DUPLICATE_METHOD_MATCH = YES;
				COPY_PHASE_STRIP = NO;
				DEBUG_INFORMATION_FORMAT = "dwarf-with-dsym";
				ENABLE_NS_ASSERTIONS = NO;
				ENABLE_STRICT_OBJC_MSGSEND = YES;
				GCC_C_LANGUAGE_STANDARD = gnu11;
				GCC_NO_COMMON_BLOCKS = YES;
				GCC_WARN_64_TO_32_BIT_CONVERSION = YES;
				GCC_WARN_ABOUT_RETURN_TYPE = YES_ERROR;
				GCC_WARN_UNDECLARED_SELECTOR = YES;
				GCC_WARN_UNINITIALIZED_AUTOS = YES_AGGRESSIVE;
				GCC_WARN_UNUSED_FUNCTION = YES;
				GCC_WARN_UNUSED_VARIABLE = YES;
				IPHONEOS_DEPLOYMENT_TARGET = 15.2;
				MTL_ENABLE_DEBUG_INFO = NO;
				MTL_FAST_MATH = YES;
				SDKROOT = iphoneos;
				SWIFT_COMPILATION_MODE = wholemodule;
				SWIFT_OPTIMIZATION_LEVEL = "-O";
				VALIDATE_PRODUCT = YES;
			};
			name = Release;
		};
		DBEF537D27F2DE9C0078B293 /* Debug */ = {
			isa = XCBuildConfiguration;
			buildSettings = {
				ASSETCATALOG_COMPILER_APPICON_NAME = AppIcon;
				ASSETCATALOG_COMPILER_GLOBAL_ACCENT_COLOR_NAME = AccentColor;
				CODE_SIGN_STYLE = Automatic;
				CURRENT_PROJECT_VERSION = 1;
				DEVELOPMENT_TEAM = W4Q4K55LJ9;
				GENERATE_INFOPLIST_FILE = YES;
				INFOPLIST_FILE = VizAssignmentViewer/Info.plist;
				INFOPLIST_KEY_UIApplicationSupportsIndirectInputEvents = YES;
				INFOPLIST_KEY_UILaunchStoryboardName = LaunchScreen;
				INFOPLIST_KEY_UISupportedInterfaceOrientations_iPad = "UIInterfaceOrientationPortrait UIInterfaceOrientationPortraitUpsideDown UIInterfaceOrientationLandscapeLeft UIInterfaceOrientationLandscapeRight";
				INFOPLIST_KEY_UISupportedInterfaceOrientations_iPhone = "UIInterfaceOrientationPortrait UIInterfaceOrientationLandscapeLeft UIInterfaceOrientationLandscapeRight";
				LD_RUNPATH_SEARCH_PATHS = (
					"$(inherited)",
					"@executable_path/Frameworks",
				);
				MARKETING_VERSION = 1.0;
				PRODUCT_BUNDLE_IDENTIFIER = ai.viz.VizAssignmentViewer;
				PRODUCT_NAME = "$(TARGET_NAME)";
				SWIFT_EMIT_LOC_STRINGS = YES;
				SWIFT_VERSION = 5.0;
				TARGETED_DEVICE_FAMILY = "1,2";
			};
			name = Debug;
		};
		DBEF537E27F2DE9C0078B293 /* Release */ = {
			isa = XCBuildConfiguration;
			buildSettings = {
				ASSETCATALOG_COMPILER_APPICON_NAME = AppIcon;
				ASSETCATALOG_COMPILER_GLOBAL_ACCENT_COLOR_NAME = AccentColor;
				CODE_SIGN_STYLE = Automatic;
				CURRENT_PROJECT_VERSION = 1;
				DEVELOPMENT_TEAM = W4Q4K55LJ9;
				GENERATE_INFOPLIST_FILE = YES;
				INFOPLIST_FILE = VizAssignmentViewer/Info.plist;
				INFOPLIST_KEY_UIApplicationSupportsIndirectInputEvents = YES;
				INFOPLIST_KEY_UILaunchStoryboardName = LaunchScreen;
				INFOPLIST_KEY_UISupportedInterfaceOrientations_iPad = "UIInterfaceOrientationPortrait UIInterfaceOrientationPortraitUpsideDown UIInterfaceOrientationLandscapeLeft UIInterfaceOrientationLandscapeRight";
				INFOPLIST_KEY_UISupportedInterfaceOrientations_iPhone = "UIInterfaceOrientationPortrait UIInterfaceOrientationLandscapeLeft UIInterfaceOrientationLandscapeRight";
				LD_RUNPATH_SEARCH_PATHS = (
					"$(inherited)",
					"@executable_path/Frameworks",
				);
				MARKETING_VERSION = 1.0;
				PRODUCT_BUNDLE_IDENTIFIER = ai.viz.VizAssignmentViewer;
				PRODUCT_NAME = "$(TARGET_NAME)";
				SWIFT_EMIT_LOC_STRINGS = YES;
				SWIFT_VERSION = 5.0;
				TARGETED_DEVICE_FAMILY = "1,2";
			};
			name = Release;
		};
		DBEF538027F2DE9C0078B293 /* Debug */ = {
			isa = XCBuildConfiguration;
			buildSettings = {
				ALWAYS_EMBED_SWIFT_STANDARD_LIBRARIES = YES;
				BUNDLE_LOADER = "$(TEST_HOST)";
				CODE_SIGN_STYLE = Automatic;
				CURRENT_PROJECT_VERSION = 1;
				DEVELOPMENT_TEAM = W4Q4K55LJ9;
				GENERATE_INFOPLIST_FILE = YES;
				IPHONEOS_DEPLOYMENT_TARGET = 15.2;
				MARKETING_VERSION = 1.0;
				PRODUCT_BUNDLE_IDENTIFIER = ai.viz.VizAssignmentViewerTests;
				PRODUCT_NAME = "$(TARGET_NAME)";
				SWIFT_EMIT_LOC_STRINGS = NO;
				SWIFT_VERSION = 5.0;
				TARGETED_DEVICE_FAMILY = "1,2";
				TEST_HOST = "$(BUILT_PRODUCTS_DIR)/VizAssignmentViewer.app/VizAssignmentViewer";
			};
			name = Debug;
		};
		DBEF538127F2DE9C0078B293 /* Release */ = {
			isa = XCBuildConfiguration;
			buildSettings = {
				ALWAYS_EMBED_SWIFT_STANDARD_LIBRARIES = YES;
				BUNDLE_LOADER = "$(TEST_HOST)";
				CODE_SIGN_STYLE = Automatic;
				CURRENT_PROJECT_VERSION = 1;
				DEVELOPMENT_TEAM = W4Q4K55LJ9;
				GENERATE_INFOPLIST_FILE = YES;
				IPHONEOS_DEPLOYMENT_TARGET = 15.2;
				MARKETING_VERSION = 1.0;
				PRODUCT_BUNDLE_IDENTIFIER = ai.viz.VizAssignmentViewerTests;
				PRODUCT_NAME = "$(TARGET_NAME)";
				SWIFT_EMIT_LOC_STRINGS = NO;
				SWIFT_VERSION = 5.0;
				TARGETED_DEVICE_FAMILY = "1,2";
				TEST_HOST = "$(BUILT_PRODUCTS_DIR)/VizAssignmentViewer.app/VizAssignmentViewer";
			};
			name = Release;
		};
		DBEF538327F2DE9C0078B293 /* Debug */ = {
			isa = XCBuildConfiguration;
			buildSettings = {
				ALWAYS_EMBED_SWIFT_STANDARD_LIBRARIES = YES;
				CODE_SIGN_STYLE = Automatic;
				CURRENT_PROJECT_VERSION = 1;
				DEVELOPMENT_TEAM = W4Q4K55LJ9;
				GENERATE_INFOPLIST_FILE = YES;
				MARKETING_VERSION = 1.0;
				PRODUCT_BUNDLE_IDENTIFIER = ai.viz.VizAssignmentViewerUITests;
				PRODUCT_NAME = "$(TARGET_NAME)";
				SWIFT_EMIT_LOC_STRINGS = NO;
				SWIFT_VERSION = 5.0;
				TARGETED_DEVICE_FAMILY = "1,2";
				TEST_TARGET_NAME = VizAssignmentViewer;
			};
			name = Debug;
		};
		DBEF538427F2DE9C0078B293 /* Release */ = {
			isa = XCBuildConfiguration;
			buildSettings = {
				ALWAYS_EMBED_SWIFT_STANDARD_LIBRARIES = YES;
				CODE_SIGN_STYLE = Automatic;
				CURRENT_PROJECT_VERSION = 1;
				DEVELOPMENT_TEAM = W4Q4K55LJ9;
				GENERATE_INFOPLIST_FILE = YES;
				MARKETING_VERSION = 1.0;
				PRODUCT_BUNDLE_IDENTIFIER = ai.viz.VizAssignmentViewerUITests;
				PRODUCT_NAME = "$(TARGET_NAME)";
				SWIFT_EMIT_LOC_STRINGS = NO;
				SWIFT_VERSION = 5.0;
				TARGETED_DEVICE_FAMILY = "1,2";
				TEST_TARGET_NAME = VizAssignmentViewer;
			};
			name = Release;
		};
/* End XCBuildConfiguration section */

/* Begin XCConfigurationList section */
		DBEF534D27F2DE980078B293 /* Build configuration list for PBXProject "VizAssignmentViewer" */ = {
			isa = XCConfigurationList;
			buildConfigurations = (
				DBEF537A27F2DE9C0078B293 /* Debug */,
				DBEF537B27F2DE9C0078B293 /* Release */,
			);
			defaultConfigurationIsVisible = 0;
			defaultConfigurationName = Release;
		};
		DBEF537C27F2DE9C0078B293 /* Build configuration list for PBXNativeTarget "VizAssignmentViewer" */ = {
			isa = XCConfigurationList;
			buildConfigurations = (
				DBEF537D27F2DE9C0078B293 /* Debug */,
				DBEF537E27F2DE9C0078B293 /* Release */,
			);
			defaultConfigurationIsVisible = 0;
			defaultConfigurationName = Release;
		};
		DBEF537F27F2DE9C0078B293 /* Build configuration list for PBXNativeTarget "VizAssignmentViewerTests" */ = {
			isa = XCConfigurationList;
			buildConfigurations = (
				DBEF538027F2DE9C0078B293 /* Debug */,
				DBEF538127F2DE9C0078B293 /* Release */,
			);
			defaultConfigurationIsVisible = 0;
			defaultConfigurationName = Release;
		};
		DBEF538227F2DE9C0078B293 /* Build configuration list for PBXNativeTarget "VizAssignmentViewerUITests" */ = {
			isa = XCConfigurationList;
			buildConfigurations = (
				DBEF538327F2DE9C0078B293 /* Debug */,
				DBEF538427F2DE9C0078B293 /* Release */,
			);
			defaultConfigurationIsVisible = 0;
			defaultConfigurationName = Release;
		};
/* End XCConfigurationList section */
	};
	rootObject = DBEF534A27F2DE980078B293 /* Project object */;
}
